{
  "version": 3,
  "hk1432": {
    "framework": ".NETFramework,Version=v3.5",
    "dependencies": {
      "HollowKnight.GameLibs": {
        "type": "Direct",
        "requested": "[1.0.0-hollowknight.1.4.3.2.api74hksr, 1.0.0-hollowknight.1.4.3.2.api74hksr]",
        "resolved": "1.0.0-hollowknight.1.4.3.2.api74hksr",
        "contentHash": "ZD6kHUTzmM/gkpgHND3Hw07usyO8z3M9x1QSKA6EhuWv61Xm6TatA+8B+eEyTtpuRkK5jNti+bQEyg50bX9c9w=="
      },
      "Microsoft.NETFramework.ReferenceAssemblies": {
        "type": "Direct",
        "requested": "[1.0.3, )",
        "resolved": "1.0.3",
        "contentHash": "vUc9Npcs14QsyOD01tnv/m8sQUnGTGOw1BCmKcv77LBJY7OxhJ+zJF7UD/sCL3lYNFuqmQEVlkfS4Quif6FyYg==",
        "dependencies": {
          "Microsoft.NETFramework.ReferenceAssemblies.net35": "1.0.3"
        }
      },
      "Microsoft.Unity.Analyzers": {
        "type": "Direct",
        "requested": "[1.27.0, )",
        "resolved": "1.27.0",
        "contentHash": "S8eU12HzdUjN++OBz7F08ft3weYbk5DR1rKKjCvpugqtdGHHC4Om8fJ/jGnJ5QMJY+SzzFHQTyQqfA1neAV+pw=="
      },
      "Microsoft.NETFramework.ReferenceAssemblies.net35": {
        "type": "Transitive",
        "resolved": "1.0.3",
        "contentHash": "Mhbr13IGgsW4AHj50uAiVNMPWdvUPWePRsI4x1NiTkhHUc4rqi9XvY5xxBC4d56bJypQbxAZ8bPuZIpz+TjBVQ=="
      }
    }
  },
  "hk1315": {
    "framework": ".NETFramework,Version=v3.5",
    "dependencies": {
      "HollowKnight.GameLibs": {
        "type": "Direct",
        "requested": "[1.0.0-hollowknight.1.3.1.5.api74hksr, 1.0.0-hollowknight.1.3.1.5.api74hksr]",
        "resolved": "1.0.0-hollowknight.1.3.1.5.api74hksr",
        "contentHash": "L8S3FBhQvfT008InYZBOWvxKgkVVDs8by7rnFY/KFW6XmtYH5yWNOUvJKDZh9pwxilm3mmVoh1Ftta+V3II+5g=="
      },
      "Microsoft.NETFramework.ReferenceAssemblies": {
        "type": "Direct",
        "requested": "[1.0.3, )",
        "resolved": "1.0.3",
        "contentHash": "vUc9Npcs14QsyOD01tnv/m8sQUnGTGOw1BCmKcv77LBJY7OxhJ+zJF7UD/sCL3lYNFuqmQEVlkfS4Quif6FyYg==",
        "dependencies": {
          "Microsoft.NETFramework.ReferenceAssemblies.net35": "1.0.3"
        }
      },
      "Microsoft.Unity.Analyzers": {
        "type": "Direct",
        "requested": "[1.27.0, )",
        "resolved": "1.27.0",
        "contentHash": "S8eU12HzdUjN++OBz7F08ft3weYbk5DR1rKKjCvpugqtdGHHC4Om8fJ/jGnJ5QMJY+SzzFHQTyQqfA1neAV+pw=="
      },
      "Microsoft.NETFramework.ReferenceAssemblies.net35": {
        "type": "Transitive",
        "resolved": "1.0.3",
        "contentHash": "Mhbr13IGgsW4AHj50uAiVNMPWdvUPWePRsI4x1NiTkhHUc4rqi9XvY5xxBC4d56bJypQbxAZ8bPuZIpz+TjBVQ=="
      }
    }
  },
  "hk1221": {
    "framework": ".NETFramework,Version=v3.5",
    "dependencies": {
      "HollowKnight.GameLibs": {
        "type": "Direct",
        "requested": "[1.0.0-hollowknight.1.2.2.1.api42hksr, 1.0.0-hollowknight.1.2.2.1.api42hksr]",
        "resolved": "1.0.0-hollowknight.1.2.2.1.api42hksr",
        "contentHash": "QjmqJIoVdgVpu7w9zb1paIFLTu0xJMLx64peau/jDHH4YrT90+kkiUIdglEdwNih9n7eeqTK0iGBJxcJYceXGw=="
      },
      "ILRepack.Lib.MSBuild.Task": {
        "type": "Direct",
        "requested": "[2.0.46, )",
        "resolved": "2.0.46",
        "contentHash": "g5a/rQndAn0OczzunFutw3nCzQcfq96i7SYRKV11sc0LO+KN0MDbDHo2znLBK5ZC7duaD1RC62OwlhFlnkPQuQ=="
      },
      "Microsoft.NETFramework.ReferenceAssemblies": {
        "type": "Direct",
        "requested": "[1.0.3, )",
        "resolved": "1.0.3",
        "contentHash": "vUc9Npcs14QsyOD01tnv/m8sQUnGTGOw1BCmKcv77LBJY7OxhJ+zJF7UD/sCL3lYNFuqmQEVlkfS4Quif6FyYg==",
        "dependencies": {
          "Microsoft.NETFramework.ReferenceAssemblies.net35": "1.0.3"
        }
      },
      "Microsoft.Unity.Analyzers": {
        "type": "Direct",
        "requested": "[1.27.0, )",
        "resolved": "1.27.0",
        "contentHash": "S8eU12HzdUjN++OBz7F08ft3weYbk5DR1rKKjCvpugqtdGHHC4Om8fJ/jGnJ5QMJY+SzzFHQTyQqfA1neAV+pw=="
      },
      "MonoMod.RuntimeDetour": {
        "type": "Direct",
        "requested": "[21.4.29.1, 21.4.29.1]",
        "resolved": "21.4.29.1",
        "contentHash": "sqn/g1WKJRRuokOyjw6JFxWfK9p+lDoEDCVoPpJohGtFGtVeL3GK5nUdA1SWAbdrKR6LYI09KIOnv28D9UuGnw==",
        "dependencies": {
          "Mono.Cecil": "0.10.4",
          "MonoMod.Utils": "21.4.29.1"
        }
      },
      "Microsoft.NETFramework.ReferenceAssemblies.net35": {
        "type": "Transitive",
        "resolved": "1.0.3",
        "contentHash": "Mhbr13IGgsW4AHj50uAiVNMPWdvUPWePRsI4x1NiTkhHUc4rqi9XvY5xxBC4d56bJypQbxAZ8bPuZIpz+TjBVQ=="
      },
      "Mono.Cecil": {
        "type": "Transitive",
        "resolved": "0.10.4",
        "contentHash": "BHukPf7zfXu+akTcFEAWvU4x3hVMMIDC+ihGAl/+8OozrY0f/ajrpuaSUf2Q3Xvgsge5NryvOkjtyhV5TNXoSg=="
      },
      "MonoMod.Utils": {
        "type": "Transitive",
        "resolved": "21.4.29.1",
        "contentHash": "4ZSnPtXZ5q4Fdd7dRVBgeg26OXlB+bTLdDqI7R6Tu5Iw28+ipAwujXbd2dVU13PbSj+qhkrq2MKZoJM2Er07WQ==",
        "dependencies": {
          "Mono.Cecil": "0.10.4"
        }
      }
    }
  },
  "hk1578": {
    "framework": ".NETFramework,Version=v4.7.2",
    "dependencies": {
      "HollowKnight.GameLibs": {
        "type": "Direct",
        "requested": "[1.0.0-hollowknight.1.5.78.11833.api77, 1.0.0-hollowknight.1.5.78.11833.api77]",
        "resolved": "1.0.0-hollowknight.1.5.78.11833.api77",
        "contentHash": "e2dMMQpfKoNUSpjs0HTDRrGExN6tkyDUc1z57BbwVsLoUequBUOiVfiB1+fJ2PlSubISnzRaCVqpH08HwnTK3w=="
      },
      "Microsoft.NETFramework.ReferenceAssemblies": {
        "type": "Direct",
        "requested": "[1.0.3, )",
        "resolved": "1.0.3",
        "contentHash": "vUc9Npcs14QsyOD01tnv/m8sQUnGTGOw1BCmKcv77LBJY7OxhJ+zJF7UD/sCL3lYNFuqmQEVlkfS4Quif6FyYg==",
        "dependencies": {
          "Microsoft.NETFramework.ReferenceAssemblies.net472": "1.0.3"
        }
      },
      "Microsoft.Unity.Analyzers": {
        "type": "Direct",
        "requested": "[1.27.0, )",
        "resolved": "1.27.0",
        "contentHash": "S8eU12HzdUjN++OBz7F08ft3weYbk5DR1rKKjCvpugqtdGHHC4Om8fJ/jGnJ5QMJY+SzzFHQTyQqfA1neAV+pw=="
      },
      "Microsoft.NETFramework.ReferenceAssemblies.net472": {
        "type": "Transitive",
        "resolved": "1.0.3",
        "contentHash": "0E7evZXHXaDYYiLRfpyXvCh+yzM2rNTyuZDI+ZO7UUqSc6GfjePiXTdqJGtgIKUwdI81tzQKmaWprnUiPj9hAw=="
      }
    }
  },
  "hk1512620": {
    "framework": ".NETStandard,Version=v2.1",
    "dependencies": {
      "HollowKnight.GameLibs": {
        "type": "Direct",
        "requested": "[1.0.0-hollowknight.1.5.12620.api78, 1.0.0-hollowknight.1.5.12620.api78]",
        "resolved": "1.0.0-hollowknight.1.5.12620.api78",
        "contentHash": "GNsoBlypZIx2beH/UA4y8h/zCdgumESkDtiZ4QoPz/2RQ80M984zlQDdv/VhLJ7hDOAUs7lpran56qNNMHvDfA=="
      },
      "Microsoft.Unity.Analyzers": {
        "type": "Direct",
        "requested": "[1.27.0, )",
        "resolved": "1.27.0",
        "contentHash": "S8eU12HzdUjN++OBz7F08ft3weYbk5DR1rKKjCvpugqtdGHHC4Om8fJ/jGnJ5QMJY+SzzFHQTyQqfA1neAV+pw=="
      }
    }
  }
}